Microsoft Visual Studio Solution File, Format Version 12.00
# Visual Studio Version 17
VisualStudioVersion = 17.5.2.0
MinimumVisualStudioVersion = 10.0.40219.1
Project("{FAE04EC0-301F-11D3-BF4B-00C04F79EFBC}") = "PhotoRotatorWPF", "PhotoRotatorWPF.csproj", "{0879CAF3-EE71-48D0-1E0E-63781AFD96DA}"
EndProject
Global
	GlobalSection(SolutionConfigurationPlatforms) = preSolution
		Debug|Any CPU = Debug|Any CPU
		Release|Any CPU = Release|Any CPU
	EndGlobalSection
	GlobalSection(ProjectConfigurationPlatforms) = postSolution
		{0879CAF3-EE71-48D0-1E0E-63781AFD96DA}.Debug|Any CPU.ActiveCfg = Debug|Any CPU
		{0879CAF3-EE71-48D0-1E0E-63781AFD96DA}.Debug|Any CPU.Build.0 = Debug|Any CPU
		{0879CAF3-EE71-48D0-1E0E-63781AFD96DA}.Release|Any CPU.ActiveCfg = Release|Any CPU
		{0879CAF3-EE71-48D0-1E0E-63781AFD96DA}.Release|Any CPU.Build.0 = Release|Any CPU
	EndGlobalSection
	GlobalSection(SolutionProperties) = preSolution
		HideSolutionNode = FALSE
	EndGlobalSection
	GlobalSection(ExtensibilityGlobals) = postSolution
		SolutionGuid = {99109554-9581-4DB8-8C1D-E32932F6ED2F}
	EndGlobalSection
EndGlobal
